// !$*UTF8*$!
{
	archiveVersion = 1;
	classes = {
	};
	objectVersion = 56;
	objects = {

/* Begin PBXBuildFile section */
		4C4183D329C3276700E2092D /* AppDelegate.swift in Sources */ = {isa = PBXBuildFile; fileRef = 4C4183D229C3276700E2092D /* AppDelegate.swift */; };
		4C4183D529C3276700E2092D /* SceneDelegate.swift in Sources */ = {isa = PBXBuildFile; fileRef = 4C4183D429C3276700E2092D /* SceneDelegate.swift */; };
		4C4183D729C3276700E2092D /* ViewController.swift in Sources */ = {isa = PBXBuildFile; fileRef = 4C4183D629C3276700E2092D /* ViewController.swift */; };
		4C4183DA29C3276700E2092D /* Main.storyboard in Resources */ = {isa = PBXBuildFile; fileRef = 4C4183D829C3276700E2092D /* Main.storyboard */; };
		4C4183DD29C3276700E2092D /* Madduck.xcdatamodeld in Sources */ = {isa = PBXBuildFile; fileRef = 4C4183DB29C3276700E2092D /* Madduck.xcdatamodeld */; };
		4C4183DF29C3276900E2092D /* Assets.xcassets in Resources */ = {isa = PBXBuildFile; fileRef = 4C4183DE29C3276900E2092D /* Assets.xcassets */; };
		4C4183E229C3276900E2092D /* LaunchScreen.storyboard in Resources */ = {isa = PBXBuildFile; fileRef = 4C4183E029C3276900E2092D /* LaunchScreen.storyboard */; };
		4C4183ED29C3276900E2092D /* MadduckTests.swift in Sources */ = {isa = PBXBuildFile; fileRef = 4C4183EC29C3276900E2092D /* MadduckTests.swift */; };
		4C4183F729C3276900E2092D /* MadduckUITests.swift in Sources */ = {isa = PBXBuildFile; fileRef = 4C4183F629C3276900E2092D /* MadduckUITests.swift */; };
		4C4183F929C3276900E2092D /* MadduckUITestsLaunchTests.swift in Sources */ = {isa = PBXBuildFile; fileRef = 4C4183F829C3276900E2092D /* MadduckUITestsLaunchTests.swift */; };
/* End PBXBuildFile section */

/* Begin PBXContainerItemProxy section */
		4C4183E929C3276900E2092D /* PBXContainerItemProxy */ = {
			isa = PBXContainerItemProxy;
			containerPortal = 4C4183C729C3276700E2092D /* Project object */;
			proxyType = 1;
			remoteGlobalIDString = 4C4183CE29C3276700E2092D;
			remoteInfo = Madduck;
		};
		4C4183F329C3276900E2092D /* PBXContainerItemProxy */ = {
			isa = PBXContainerItemProxy;
			containerPortal = 4C4183C729C3276700E2092D /* Project object */;
			proxyType = 1;
			remoteGlobalIDString = 4C4183CE29C3276700E2092D;
			remoteInfo = Madduck;
		};
/* End PBXContainerItemProxy section */

/* Begin PBXFileReference section */
		4C4183CF29C3276700E2092D /* Madduck.app */ = {isa = PBXFileReference; explicitFileType = wrapper.application; includeInIndex = 0; path = Madduck.app; sourceTree = BUILT_PRODUCTS_DIR; };
		4C4183D229C3276700E2092D /* AppDelegate.swift */ = {isa = PBXFileReference; lastKnownFileType = sourcecode.swift; path = AppDelegate.swift; sourceTree = "<group>"; };
		4C4183D429C3276700E2092D /* SceneDelegate.swift */ = {isa = PBXFileReference; lastKnownFileType = sourcecode.swift; path = SceneDelegate.swift; sourceTree = "<group>"; };
		4C4183D629C3276700E2092D /* ViewController.swift */ = {isa = PBXFileReference; lastKnownFileType = sourcecode.swift; path = ViewController.swift; sourceTree = "<group>"; };
		4C4183D929C3276700E2092D /* Base */ = {isa = PBXFileReference; lastKnownFileType = file.storyboard; name = Base; path = Base.lproj/Main.storyboard; sourceTree = "<group>"; };
		4C4183DC29C3276700E2092D /* Madduck.xcdatamodel */ = {isa = PBXFileReference; lastKnownFileType = wrapper.xcdatamodel; path = Madduck.xcdatamodel; sourceTree = "<group>"; };
		4C4183DE29C3276900E2092D /* Assets.xcassets */ = {isa = PBXFileReference; lastKnownFileType = folder.assetcatalog; path = Assets.xcassets; sourceTree = "<group>"; };
		4C4183E129C3276900E2092D /* Base */ = {isa = PBXFileReference; lastKnownFileType = file.storyboard; name = Base; path = Base.lproj/LaunchScreen.storyboard; sourceTree = "<group>"; };
		4C4183E329C3276900E2092D /* Info.plist */ = {isa = PBXFileReference; lastKnownFileType = text.plist.xml; path = Info.plist; sourceTree = "<group>"; };
		4C4183E829C3276900E2092D /* MadduckTests.xctest */ = {isa = PBXFileReference; explicitFileType = wrapper.cfbundle; includeInIndex = 0; path = MadduckTests.xctest; sourceTree = BUILT_PRODUCTS_DIR; };
		4C4183EC29C3276900E2092D /* MadduckTests.swift */ = {isa = PBXFileReference; lastKnownFileType = sourcecode.swift; path = MadduckTests.swift; sourceTree = "<group>"; };
		4C4183F229C3276900E2092D /* MadduckUITests.xctest */ = {isa = PBXFileReference; explicitFileType = wrapper.cfbundle; includeInIndex = 0; path = MadduckUITests.xctest; sourceTree = BUILT_PRODUCTS_DIR; };
		4C4183F629C3276900E2092D /* MadduckUITests.swift */ = {isa = PBXFileReference; lastKnownFileType = sourcecode.swift; path = MadduckUITests.swift; sourceTree = "<group>"; };
		4C4183F829C3276900E2092D /* MadduckUITestsLaunchTests.swift */ = {isa = PBXFileReference; lastKnownFileType = sourcecode.swift; path = MadduckUITestsLaunchTests.swift; sourceTree = "<group>"; };
/* End PBXFileReference section */

/* Begin PBXFrameworksBuildPhase section */
		4C4183CC29C3276700E2092D /* Frameworks */ = {
			isa = PBXFrameworksBuildPhase;
			buildActionMask = 2147483647;
			files = (
			);
			runOnlyForDeploymentPostprocessing = 0;
		};
		4C4183E529C3276900E2092D /* Frameworks */ = {
			isa = PBXFrameworksBuildPhase;
			buildActionMask = 2147483647;
			files = (
			);
			runOnlyForDeploymentPostprocessing = 0;
		};
		4C4183EF29C3276900E2092D /* Frameworks */ = {
			isa = PBXFrameworksBuildPhase;
			buildActionMask = 2147483647;
			files = (
			);
			runOnlyForDeploymentPostprocessing = 0;
		};
/* End PBXFrameworksBuildPhase section */

/* Begin PBXGroup section */
		4C4183C629C3276700E2092D = {
			isa = PBXGroup;
			children = (
				4C4183D129C3276700E2092D /* Madduck */,
				4C4183EB29C3276900E2092D /* MadduckTests */,
				4C4183F529C3276900E2092D /* MadduckUITests */,
				4C4183D029C3276700E2092D /* Products */,
			);
			sourceTree = "<group>";
		};
		4C4183D029C3276700E2092D /* Products */ = {
			isa = PBXGroup;
			children = (
				4C4183CF29C3276700E2092D /* Madduck.app */,
				4C4183E829C3276900E2092D /* MadduckTests.xctest */,
				4C4183F229C3276900E2092D /* MadduckUITests.xctest */,
			);
			name = Products;
			sourceTree = "<group>";
		};
		4C4183D129C3276700E2092D /* Madduck */ = {
			isa = PBXGroup;
			children = (
				4C4183D229C3276700E2092D /* AppDelegate.swift */,
				4C4183D429C3276700E2092D /* SceneDelegate.swift */,
				4C4183D629C3276700E2092D /* ViewController.swift */,
				4C4183D829C3276700E2092D /* Main.storyboard */,
				4C4183DE29C3276900E2092D /* Assets.xcassets */,
				4C4183E029C3276900E2092D /* LaunchScreen.storyboard */,
				4C4183E329C3276900E2092D /* Info.plist */,
				4C4183DB29C3276700E2092D /* Madduck.xcdatamodeld */,
			);
			path = Madduck;
			sourceTree = "<group>";
		};
		4C4183EB29C3276900E2092D /* MadduckTests */ = {
			isa = PBXGroup;
			children = (
				4C4183EC29C3276900E2092D /* MadduckTests.swift */,
			);
			path = MadduckTests;
			sourceTree = "<group>";
		};
		4C4183F529C3276900E2092D /* MadduckUITests */ = {
			isa = PBXGroup;
			children = (
				4C4183F629C3276900E2092D /* MadduckUITests.swift */,
				4C4183F829C3276900E2092D /* MadduckUITestsLaunchTests.swift */,
			);
			path = MadduckUITests;
			sourceTree = "<group>";
		};
/* End PBXGroup section */

/* Begin PBXNativeTarget section */
		4C4183CE29C3276700E2092D /* Madduck */ = {
			isa = PBXNativeTarget;
			buildConfigurationList = 4C4183FC29C3276900E2092D /* Build configuration list for PBXNativeTarget "Madduck" */;
			buildPhases = (
				4C4183CB29C3276700E2092D /* Sources */,
				4C4183CC29C3276700E2092D /* Frameworks */,
				4C4183CD29C3276700E2092D /* Resources */,
			);
			buildRules = (
			);
			dependencies = (
			);
			name = Madduck;
			productName = Madduck;
			productReference = 4C4183CF29C3276700E2092D /* Madduck.app */;
			productType = "com.apple.product-type.application";
		};
		4C4183E729C3276900E2092D /* MadduckTests */ = {
			isa = PBXNativeTarget;
			buildConfigurationList = 4C4183FF29C3276900E2092D /* Build configuration list for PBXNativeTarget "MadduckTests" */;
			buildPhases = (
				4C4183E429C3276900E2092D /* Sources */,
				4C4183E529C3276900E2092D /* Frameworks */,
				4C4183E629C3276900E2092D /* Resources */,
			);
			buildRules = (
			);
			dependencies = (
				4C4183EA29C3276900E2092D /* PBXTargetDependency */,
			);
			name = MadduckTests;
			productName = MadduckTests;
			productReference = 4C4183E829C3276900E2092D /* MadduckTests.xctest */;
			productType = "com.apple.product-type.bundle.unit-test";
		};
		4C4183F129C3276900E2092D /* MadduckUITests */ = {
			isa = PBXNativeTarget;
			buildConfigurationList = 4C41840229C3276900E2092D /* Build configuration list for PBXNativeTarget "MadduckUITests" */;
			buildPhases = (
				4C4183EE29C3276900E2092D /* Sources */,
				4C4183EF29C3276900E2092D /* Frameworks */,
				4C4183F029C3276900E2092D /* Resources */,
			);
			buildRules = (
			);
			dependencies = (
				4C4183F429C3276900E2092D /* PBXTargetDependency */,
			);
			name = MadduckUITests;
			productName = MadduckUITests;
			productReference = 4C4183F229C3276900E2092D /* MadduckUITests.xctest */;
			productType = "com.apple.product-type.bundle.ui-testing";
		};
/* End PBXNativeTarget section */

/* Begin PBXProject section */
		4C4183C729C3276700E2092D /* Project object */ = {
			isa = PBXProject;
			attributes = {
				BuildIndependentTargetsInParallel = 1;
				LastSwiftUpdateCheck = 1420;
				LastUpgradeCheck = 1420;
				TargetAttributes = {
					4C4183CE29C3276700E2092D = {
						CreatedOnToolsVersion = 14.2;
					};
					4C4183E729C3276900E2092D = {
						CreatedOnToolsVersion = 14.2;
						TestTargetID = 4C4183CE29C3276700E2092D;
					};
					4C4183F129C3276900E2092D = {
						CreatedOnToolsVersion = 14.2;
						TestTargetID = 4C4183CE29C3276700E2092D;
					};
				};
			};
			buildConfigurationList = 4C4183CA29C3276700E2092D /* Build configuration list for PBXProject "Madduck" */;
			compatibilityVersion = "Xcode 14.0";
			developmentRegion = en;
			hasScannedForEncodings = 0;
			knownRegions = (
				en,
				Base,
			);
			mainGroup = 4C4183C629C3276700E2092D;
			productRefGroup = 4C4183D029C3276700E2092D /* Products */;
			projectDirPath = "";
			projectRoot = "";
			targets = (
				4C4183CE29C3276700E2092D /* Madduck */,
				4C4183E729C3276900E2092D /* MadduckTests */,
				4C4183F129C3276900E2092D /* MadduckUITests */,
			);
		};
/* End PBXProject section */

/* Begin PBXResourcesBuildPhase section */
		4C4183CD29C3276700E2092D /* Resources */ = {
			isa = PBXResourcesBuildPhase;
			buildActionMask = 2147483647;
			files = (
				4C4183E229C3276900E2092D /* LaunchScreen.storyboard in Resources */,
				4C4183DF29C3276900E2092D /* Assets.xcassets in Resources */,
				4C4183DA29C3276700E2092D /* Main.storyboard in Resources */,
			);
			runOnlyForDeploymentPostprocessing = 0;
		};
		4C4183E629C3276900E2092D /* Resources */ = {
			isa = PBXResourcesBuildPhase;
			buildActionMask = 2147483647;
			files = (
			);
			runOnlyForDeploymentPostprocessing = 0;
		};
		4C4183F029C3276900E2092D /* Resources */ = {
			isa = PBXResourcesBuildPhase;
			buildActionMask = 2147483647;
			files = (
			);
			runOnlyForDeploymentPostprocessing = 0;
		};
/* End PBXResourcesBuildPhase section */

/* Begin PBXSourcesBuildPhase section */
		4C4183CB29C3276700E2092D /* Sources */ = {
			isa = PBXSourcesBuildPhase;
			buildActionMask = 2147483647;
			files = (
				4C4183D729C3276700E2092D /* ViewController.swift in Sources */,
				4C4183DD29C3276700E2092D /* Madduck.xcdatamodeld in Sources */,
				4C4183D329C3276700E2092D /* AppDelegate.swift in Sources */,
				4C4183D529C3276700E2092D /* SceneDelegate.swift in Sources */,
			);
			runOnlyForDeploymentPostprocessing = 0;
		};
		4C4183E429C3276900E2092D /* Sources */ = {
			isa = PBXSourcesBuildPhase;
			buildActionMask = 2147483647;
			files = (
				4C4183ED29C3276900E2092D /* MadduckTests.swift in Sources */,
			);
			runOnlyForDeploymentPostprocessing = 0;
		};
		4C4183EE29C3276900E2092D /* Sources */ = {
			isa = PBXSourcesBuildPhase;
			buildActionMask = 2147483647;
			files = (
				4C4183F929C3276900E2092D /* MadduckUITestsLaunchTests.swift in Sources */,
				4C4183F729C3276900E2092D /* MadduckUITests.swift in Sources */,
			);
			runOnlyForDeploymentPostprocessing = 0;
		};
/* End PBXSourcesBuildPhase section */

/* Begin PBXTargetDependency section */
		4C4183EA29C3276900E2092D /* PBXTargetDependency */ = {
			isa = PBXTargetDependency;
			target = 4C4183CE29C3276700E2092D /* Madduck */;
			targetProxy = 4C4183E929C3276900E2092D /* PBXContainerItemProxy */;
		};
		4C4183F429C3276900E2092D /* PBXTargetDependency */ = {
			isa = PBXTargetDependency;
			target = 4C4183CE29C3276700E2092D /* Madduck */;
			targetProxy = 4C4183F329C3276900E2092D /* PBXContainerItemProxy */;
		};
/* End PBXTargetDependency section */

/* Begin PBXVariantGroup section */
		4C4183D829C3276700E2092D /* Main.storyboard */ = {
			isa = PBXVariantGroup;
			children = (
				4C4183D929C3276700E2092D /* Base */,
			);
			name = Main.storyboard;
			sourceTree = "<group>";
		};
		4C4183E029C3276900E2092D /* LaunchScreen.storyboard */ = {
			isa = PBXVariantGroup;
			children = (
				4C4183E129C3276900E2092D /* Base */,
			);
			name = LaunchScreen.storyboard;
			sourceTree = "<group>";
		};
/* End PBXVariantGroup section */

/* Begin XCBuildConfiguration section */
		4C4183FA29C3276900E2092D /* Debug */ = {
			isa = XCBuildConfiguration;
			buildSettings = {
				ALWAYS_SEARCH_USER_PATHS = NO;
				CLANG_ANALYZER_NONNULL = YES;
				CLANG_ANALYZER_NUMBER_OBJECT_CONVERSION = YES_AGGRESSIVE;
				CLANG_CXX_LANGUAGE_STANDARD = "gnu++20";
				CLANG_ENABLE_MODULES = YES;
				CLANG_ENABLE_OBJC_ARC = YES;
				CLANG_ENABLE_OBJC_WEAK = YES;
				CLANG_WARN_BLOCK_CAPTURE_AUTORELEASING = YES;
				CLANG_WARN_BOOL_CONVERSION = YES;
				CLANG_WARN_COMMA = YES;
				CLANG_WARN_CONSTANT_CONVERSION = YES;
				CLANG_WARN_DEPRECATED_OBJC_IMPLEMENTATIONS = YES;
				CLANG_WARN_DIRECT_OBJC_ISA_USAGE = YES_ERROR;
				CLANG_WARN_DOCUMENTATION_COMMENTS = YES;
				CLANG_WARN_EMPTY_BODY = YES;
				CLANG_WARN_ENUM_CONVERSION = YES;
				CLANG_WARN_INFINITE_RECURSION = YES;
				CLANG_WARN_INT_CONVERSION = YES;
				CLANG_WARN_NON_LITERAL_NULL_CONVERSION = YES;
				CLANG_WARN_OBJC_IMPLICIT_RETAIN_SELF = YES;
				CLANG_WARN_OBJC_LITERAL_CONVERSION = YES;
				CLANG_WARN_OBJC_ROOT_CLASS = YES_ERROR;
				CLANG_WARN_QUOTED_INCLUDE_IN_FRAMEWORK_HEADER = YES;
				CLANG_WARN_RANGE_LOOP_ANALYSIS = YES;
				CLANG_WARN_STRICT_PROTOTYPES = YES;
				CLANG_WARN_SUSPICIOUS_MOVE = YES;
				CLANG_WARN_UNGUARDED_AVAILABILITY = YES_AGGRESSIVE;
				CLANG_WARN_UNREACHABLE_CODE = YES;
				CLANG_WARN__DUPLICATE_METHOD_MATCH = YES;
				COPY_PHASE_STRIP = NO;
				DEBUG_INFORMATION_FORMAT = dwarf;
				ENABLE_STRICT_OBJC_MSGSEND = YES;
				ENABLE_TESTABILITY = YES;
				GCC_C_LANGUAGE_STANDARD = gnu11;
				GCC_DYNAMIC_NO_PIC = NO;
				GCC_NO_COMMON_BLOCKS = YES;
				GCC_OPTIMIZATION_LEVEL = 0;
				GCC_PREPROCESSOR_DEFINITIONS = (
					"DEBUG=1",
					"$(inherited)",
				);
				GCC_WARN_64_TO_32_BIT_CONVERSION = YES;
				GCC_WARN_ABOUT_RETURN_TYPE = YES_ERROR;
				GCC_WARN_UNDECLARED_SELECTOR = YES;
				GCC_WARN_UNINITIALIZED_AUTOS = YES_AGGRESSIVE;
				GCC_WARN_UNUSED_FUNCTION = YES;
				GCC_WARN_UNUSED_VARIABLE = YES;
				IPHONEOS_DEPLOYMENT_TARGET = 16.2;
				MTL_ENABLE_DEBUG_INFO = INCLUDE_SOURCE;
				MTL_FAST_MATH = YES;
				ONLY_ACTIVE_ARCH = YES;
				SDKROOT = iphoneos;
				SWIFT_ACTIVE_COMPILATION_CONDITIONS = DEBUG;
				SWIFT_OPTIMIZATION_LEVEL = "-Onone";
			};
			name = Debug;
		};
		4C4183FB29C3276900E2092D /* Release */ = {
			isa = XCBuildConfiguration;
			buildSettings = {
				ALWAYS_SEARCH_USER_PATHS = NO;
				CLANG_ANALYZER_NONNULL = YES;
				CLANG_ANALYZER_NUMBER_OBJECT_CONVERSION = YES_AGGRESSIVE;
				CLANG_CXX_LANGUAGE_STANDARD = "gnu++20";
				CLANG_ENABLE_MODULES = YES;
				CLANG_ENABLE_OBJC_ARC = YES;
				CLANG_ENABLE_OBJC_WEAK = YES;
				CLANG_WARN_BLOCK_CAPTURE_AUTORELEASING = YES;
				CLANG_WARN_BOOL_CONVERSION = YES;
				CLANG_WARN_COMMA = YES;
				CLANG_WARN_CONSTANT_CONVERSION = YES;
				CLANG_WARN_DEPRECATED_OBJC_IMPLEMENTATIONS = YES;
				CLANG_WARN_DIRECT_OBJC_ISA_USAGE = YES_ERROR;
				CLANG_WARN_DOCUMENTATION_COMMENTS = YES;
				CLANG_WARN_EMPTY_BODY = YES;
				CLANG_WARN_ENUM_CONVERSION = YES;
				CLANG_WARN_INFINITE_RECURSION = YES;
				CLANG_WARN_INT_CONVERSION = YES;
				CLANG_WARN_NON_LITERAL_NULL_CONVERSION = YES;
				CLANG_WARN_OBJC_IMPLICIT_RETAIN_SELF = YES;
				CLANG_WARN_OBJC_LITERAL_CONVERSION = YES;
				CLANG_WARN_OBJC_ROOT_CLASS = YES_ERROR;
				CLANG_WARN_QUOTED_INCLUDE_IN_FRAMEWORK_HEADER = YES;
				CLANG_WARN_RANGE_LOOP_ANALYSIS = YES;
				CLANG_WARN_STRICT_PROTOTYPES = YES;
				CLANG_WARN_SUSPICIOUS_MOVE = YES;
				CLANG_WARN_UNGUARDED_AVAILABILITY = YES_AGGRESSIVE;
				CLANG_WARN_UNREACHABLE_CODE = YES;
				CLANG_WARN__DUPLICATE_METHOD_MATCH = YES;
				COPY_PHASE_STRIP = NO;
				DEBUG_INFORMATION_FORMAT = "dwarf-with-dsym";
				ENABLE_NS_ASSERTIONS = NO;
				ENABLE_STRICT_OBJC_MSGSEND = YES;
				GCC_C_LANGUAGE_STANDARD = gnu11;
				GCC_NO_COMMON_BLOCKS = YES;
				GCC_WARN_64_TO_32_BIT_CONVERSION = YES;
				GCC_WARN_ABOUT_RETURN_TYPE = YES_ERROR;
				GCC_WARN_UNDECLARED_SELECTOR = YES;
				GCC_WARN_UNINITIALIZED_AUTOS = YES_AGGRESSIVE;
				GCC_WARN_UNUSED_FUNCTION = YES;
				GCC_WARN_UNUSED_VARIABLE = YES;
				IPHONEOS_DEPLOYMENT_TARGET = 16.2;
				MTL_ENABLE_DEBUG_INFO = NO;
				MTL_FAST_MATH = YES;
				SDKROOT = iphoneos;
				SWIFT_COMPILATION_MODE = wholemodule;
				SWIFT_OPTIMIZATION_LEVEL = "-O";
				VALIDATE_PRODUCT = YES;
			};
			name = Release;
		};
		4C4183FD29C3276900E2092D /* Debug */ = {
			isa = XCBuildConfiguration;
			buildSettings = {
				ASSETCATALOG_COMPILER_APPICON_NAME = AppIcon;
				ASSETCATALOG_COMPILER_GLOBAL_ACCENT_COLOR_NAME = AccentColor;
				CODE_SIGN_STYLE = Automatic;
				CURRENT_PROJECT_VERSION = 1;
				DEVELOPMENT_TEAM = YCY5M4GMQ3;
				GENERATE_INFOPLIST_FILE = YES;
				INFOPLIST_FILE = Madduck/Info.plist;
				INFOPLIST_KEY_UIApplicationSupportsIndirectInputEvents = YES;
				INFOPLIST_KEY_UILaunchStoryboardName = LaunchScreen;
				INFOPLIST_KEY_UIMainStoryboardFile = Main;
				INFOPLIST_KEY_UISupportedInterfaceOrientations_iPad = "UIInterfaceOrientationPortrait UIInterfaceOrientationPortraitUpsideDown UIInterfaceOrientationLandscapeLeft UIInterfaceOrientationLandscapeRight";
				INFOPLIST_KEY_UISupportedInterfaceOrientations_iPhone = "UIInterfaceOrientationPortrait UIInterfaceOrientationLandscapeLeft UIInterfaceOrientationLandscapeRight";
				LD_RUNPATH_SEARCH_PATHS = (
					"$(inherited)",
					"@executable_path/Frameworks",
				);
				MARKETING_VERSION = 1.0;
				PRODUCT_BUNDLE_IDENTIFIER = com.myCompany.Madduck;
				PRODUCT_NAME = "$(TARGET_NAME)";
				SWIFT_EMIT_LOC_STRINGS = YES;
				SWIFT_VERSION = 5.0;
				TARGETED_DEVICE_FAMILY = "1,2";
			};
			name = Debug;
		};
		4C4183FE29C3276900E2092D /* Release */ = {
			isa = XCBuildConfiguration;
			buildSettings = {
				ASSETCATALOG_COMPILER_APPICON_NAME = AppIcon;
				ASSETCATALOG_COMPILER_GLOBAL_ACCENT_COLOR_NAME = AccentColor;
				CODE_SIGN_STYLE = Automatic;
				CURRENT_PROJECT_VERSION = 1;
				DEVELOPMENT_TEAM = YCY5M4GMQ3;
				GENERATE_INFOPLIST_FILE = YES;
				INFOPLIST_FILE = Madduck/Info.plist;
				INFOPLIST_KEY_UIApplicationSupportsIndirectInputEvents = YES;
				INFOPLIST_KEY_UILaunchStoryboardName = LaunchScreen;
				INFOPLIST_KEY_UIMainStoryboardFile = Main;
				INFOPLIST_KEY_UISupportedInterfaceOrientations_iPad = "UIInterfaceOrientationPortrait UIInterfaceOrientationPortraitUpsideDown UIInterfaceOrientationLandscapeLeft UIInterfaceOrientationLandscapeRight";
				INFOPLIST_KEY_UISupportedInterfaceOrientations_iPhone = "UIInterfaceOrientationPortrait UIInterfaceOrientationLandscapeLeft UIInterfaceOrientationLandscapeRight";
				LD_RUNPATH_SEARCH_PATHS = (
					"$(inherited)",
					"@executable_path/Frameworks",
				);
				MARKETING_VERSION = 1.0;
				PRODUCT_BUNDLE_IDENTIFIER = com.myCompany.Madduck;
				PRODUCT_NAME = "$(TARGET_NAME)";
				SWIFT_EMIT_LOC_STRINGS = YES;
				SWIFT_VERSION = 5.0;
				TARGETED_DEVICE_FAMILY = "1,2";
			};
			name = Release;
		};
		4C41840029C3276900E2092D /* Debug */ = {
			isa = XCBuildConfiguration;
			buildSettings = {
				ALWAYS_EMBED_SWIFT_STANDARD_LIBRARIES = YES;
				BUNDLE_LOADER = "$(TEST_HOST)";
				CODE_SIGN_STYLE = Automatic;
				CURRENT_PROJECT_VERSION = 1;
				DEVELOPMENT_TEAM = YCY5M4GMQ3;
				GENERATE_INFOPLIST_FILE = YES;
				IPHONEOS_DEPLOYMENT_TARGET = 16.2;
				MARKETING_VERSION = 1.0;
				PRODUCT_BUNDLE_IDENTIFIER = com.myCompany.MadduckTests;
				PRODUCT_NAME = "$(TARGET_NAME)";
				SWIFT_EMIT_LOC_STRINGS = NO;
				SWIFT_VERSION = 5.0;
				TARGETED_DEVICE_FAMILY = "1,2";
				TEST_HOST = "$(BUILT_PRODUCTS_DIR)/Madduck.app/$(BUNDLE_EXECUTABLE_FOLDER_PATH)/Madduck";
			};
			name = Debug;
		};
		4C41840129C3276900E2092D /* Release */ = {
			isa = XCBuildConfiguration;
			buildSettings = {
				ALWAYS_EMBED_SWIFT_STANDARD_LIBRARIES = YES;
				BUNDLE_LOADER = "$(TEST_HOST)";
				CODE_SIGN_STYLE = Automatic;
				CURRENT_PROJECT_VERSION = 1;
				DEVELOPMENT_TEAM = YCY5M4GMQ3;
				GENERATE_INFOPLIST_FILE = YES;
				IPHONEOS_DEPLOYMENT_TARGET = 16.2;
				MARKETING_VERSION = 1.0;
				PRODUCT_BUNDLE_IDENTIFIER = com.myCompany.MadduckTests;
				PRODUCT_NAME = "$(TARGET_NAME)";
				SWIFT_EMIT_LOC_STRINGS = NO;
				SWIFT_VERSION = 5.0;
				TARGETED_DEVICE_FAMILY = "1,2";
				TEST_HOST = "$(BUILT_PRODUCTS_DIR)/Madduck.app/$(BUNDLE_EXECUTABLE_FOLDER_PATH)/Madduck";
			};
			name = Release;
		};
		4C41840329C3276900E2092D /* Debug */ = {
			isa = XCBuildConfiguration;
			buildSettings = {
				ALWAYS_EMBED_SWIFT_STANDARD_LIBRARIES = YES;
				CODE_SIGN_STYLE = Automatic;
				CURRENT_PROJECT_VERSION = 1;
				DEVELOPMENT_TEAM = YCY5M4GMQ3;
				GENERATE_INFOPLIST_FILE = YES;
				MARKETING_VERSION = 1.0;
				PRODUCT_BUNDLE_IDENTIFIER = com.myCompany.MadduckUITests;
				PRODUCT_NAME = "$(TARGET_NAME)";
				SWIFT_EMIT_LOC_STRINGS = NO;
				SWIFT_VERSION = 5.0;
				TARGETED_DEVICE_FAMILY = "1,2";
				TEST_TARGET_NAME = Madduck;
			};
			name = Debug;
		};
		4C41840429C3276900E2092D /* Release */ = {
			isa = XCBuildConfiguration;
			buildSettings = {
				ALWAYS_EMBED_SWIFT_STANDARD_LIBRARIES = YES;
				CODE_SIGN_STYLE = Automatic;
				CURRENT_PROJECT_VERSION = 1;
				DEVELOPMENT_TEAM = YCY5M4GMQ3;
				GENERATE_INFOPLIST_FILE = YES;
				MARKETING_VERSION = 1.0;
				PRODUCT_BUNDLE_IDENTIFIER = com.myCompany.MadduckUITests;
				PRODUCT_NAME = "$(TARGET_NAME)";
				SWIFT_EMIT_LOC_STRINGS = NO;
				SWIFT_VERSION = 5.0;
				TARGETED_DEVICE_FAMILY = "1,2";
				TEST_TARGET_NAME = Madduck;
			};
			name = Release;
		};
/* End XCBuildConfiguration section */

/* Begin XCConfigurationList section */
		4C4183CA29C3276700E2092D /* Build configuration list for PBXProject "Madduck" */ = {
			isa = XCConfigurationList;
			buildConfigurations = (
				4C4183FA29C3276900E2092D /* Debug */,
				4C4183FB29C3276900E2092D /* Release */,
			);
			defaultConfigurationIsVisible = 0;
			defaultConfigurationName = Release;
		};
		4C4183FC29C3276900E2092D /* Build configuration list for PBXNativeTarget "Madduck" */ = {
			isa = XCConfigurationList;
			buildConfigurations = (
				4C4183FD29C3276900E2092D /* Debug */,
				4C4183FE29C3276900E2092D /* Release */,
			);
			defaultConfigurationIsVisible = 0;
			defaultConfigurationName = Release;
		};
		4C4183FF29C3276900E2092D /* Build configuration list for PBXNativeTarget "MadduckTests" */ = {
			isa = XCConfigurationList;
			buildConfigurations = (
				4C41840029C3276900E2092D /* Debug */,
				4C41840129C3276900E2092D /* Release */,
			);
			defaultConfigurationIsVisible = 0;
			defaultConfigurationName = Release;
		};
		4C41840229C3276900E2092D /* Build configuration list for PBXNativeTarget "MadduckUITests" */ = {
			isa = XCConfigurationList;
			buildConfigurations = (
				4C41840329C3276900E2092D /* Debug */,
				4C41840429C3276900E2092D /* Release */,
			);
			defaultConfigurationIsVisible = 0;
			defaultConfigurationName = Release;
		};
/* End XCConfigurationList section */

/* Begin XCVersionGroup section */
		4C4183DB29C3276700E2092D /* Madduck.xcdatamodeld */ = {
			isa = XCVersionGroup;
			children = (
				4C4183DC29C3276700E2092D /* Madduck.xcdatamodel */,
			);
			currentVersion = 4C4183DC29C3276700E2092D /* Madduck.xcdatamodel */;
			path = Madduck.xcdatamodeld;
			sourceTree = "<group>";
			versionGroupType = wrapper.xcdatamodel;
		};
/* End XCVersionGroup section */
	};
	rootObject = 4C4183C729C3276700E2092D /* Project object */;
}
